// !$*UTF8*$!
{
	archiveVersion = 1;
	classes = {
	};
	objectVersion = 46;
	objects = {

/* Begin PBXBuildFile section */
		6381A8701B387C4200140932 /* PlaySoundsViewController.swift in Sources */ = {isa = PBXBuildFile; fileRef = 6381A86F1B387C4200140932 /* PlaySoundsViewController.swift */; };
		6390FCA11B34A1E200CB6971 /* AppDelegate.swift in Sources */ = {isa = PBXBuildFile; fileRef = 6390FCA01B34A1E200CB6971 /* AppDelegate.swift */; };
		6390FCA31B34A1E200CB6971 /* ViewController.swift in Sources */ = {isa = PBXBuildFile; fileRef = 6390FCA21B34A1E200CB6971 /* ViewController.swift */; };
		6390FCA61B34A1E200CB6971 /* Main.storyboard in Resources */ = {isa = PBXBuildFile; fileRef = 6390FCA41B34A1E200CB6971 /* Main.storyboard */; };
		6390FCA81B34A1E200CB6971 /* Assets.xcassets in Resources */ = {isa = PBXBuildFile; fileRef = 6390FCA71B34A1E200CB6971 /* Assets.xcassets */; };
		6390FCAB1B34A1E200CB6971 /* LaunchScreen.storyboard in Resources */ = {isa = PBXBuildFile; fileRef = 6390FCA91B34A1E200CB6971 /* LaunchScreen.storyboard */; };
		6390FCB61B34A1E200CB6971 /* pitchperfect_betaTests.swift in Sources */ = {isa = PBXBuildFile; fileRef = 6390FCB51B34A1E200CB6971 /* pitchperfect_betaTests.swift */; };
		6390FCC11B34A1E200CB6971 /* pitchperfect_betaUITests.swift in Sources */ = {isa = PBXBuildFile; fileRef = 6390FCC01B34A1E200CB6971 /* pitchperfect_betaUITests.swift */; };
/* End PBXBuildFile section */

/* Begin PBXContainerItemProxy section */
		6390FCB21B34A1E200CB6971 /* PBXContainerItemProxy */ = {
			isa = PBXContainerItemProxy;
			containerPortal = 6390FC951B34A1E100CB6971 /* Project object */;
			proxyType = 1;
			remoteGlobalIDString = 6390FC9C1B34A1E200CB6971;
			remoteInfo = pitchperfect_beta;
		};
		6390FCBD1B34A1E200CB6971 /* PBXContainerItemProxy */ = {
			isa = PBXContainerItemProxy;
			containerPortal = 6390FC951B34A1E100CB6971 /* Project object */;
			proxyType = 1;
			remoteGlobalIDString = 6390FC9C1B34A1E200CB6971;
			remoteInfo = pitchperfect_beta;
		};
/* End PBXContainerItemProxy section */

/* Begin PBXFileReference section */
		6381A86F1B387C4200140932 /* PlaySoundsViewController.swift */ = {isa = PBXFileReference; fileEncoding = 4; lastKnownFileType = sourcecode.swift; path = PlaySoundsViewController.swift; sourceTree = "<group>"; };
		6390FC9D1B34A1E200CB6971 /* pitchperfect_beta.app */ = {isa = PBXFileReference; explicitFileType = wrapper.application; includeInIndex = 0; path = pitchperfect_beta.app; sourceTree = BUILT_PRODUCTS_DIR; };
		6390FCA01B34A1E200CB6971 /* AppDelegate.swift */ = {isa = PBXFileReference; lastKnownFileType = sourcecode.swift; path = AppDelegate.swift; sourceTree = "<group>"; };
		6390FCA21B34A1E200CB6971 /* ViewController.swift */ = {isa = PBXFileReference; lastKnownFileType = sourcecode.swift; path = ViewController.swift; sourceTree = "<group>"; };
		6390FCA51B34A1E200CB6971 /* Base */ = {isa = PBXFileReference; lastKnownFileType = file.storyboard; name = Base; path = Base.lproj/Main.storyboard; sourceTree = "<group>"; };
		6390FCA71B34A1E200CB6971 /* Assets.xcassets */ = {isa = PBXFileReference; lastKnownFileType = folder.assetcatalog; path = Assets.xcassets; sourceTree = "<group>"; };
		6390FCAA1B34A1E200CB6971 /* Base */ = {isa = PBXFileReference; lastKnownFileType = file.storyboard; name = Base; path = Base.lproj/LaunchScreen.storyboard; sourceTree = "<group>"; };
		6390FCAC1B34A1E200CB6971 /* Info.plist */ = {isa = PBXFileReference; lastKnownFileType = text.plist.xml; path = Info.plist; sourceTree = "<group>"; };
		6390FCB11B34A1E200CB6971 /* pitchperfect_betaTests.xctest */ = {isa = PBXFileReference; explicitFileType = wrapper.cfbundle; includeInIndex = 0; path = pitchperfect_betaTests.xctest; sourceTree = BUILT_PRODUCTS_DIR; };
		6390FCB51B34A1E200CB6971 /* pitchperfect_betaTests.swift */ = {isa = PBXFileReference; lastKnownFileType = sourcecode.swift; path = pitchperfect_betaTests.swift; sourceTree = "<group>"; };
		6390FCB71B34A1E200CB6971 /* Info.plist */ = {isa = PBXFileReference; lastKnownFileType = text.plist.xml; path = Info.plist; sourceTree = "<group>"; };
		6390FCBC1B34A1E200CB6971 /* pitchperfect_betaUITests.xctest */ = {isa = PBXFileReference; explicitFileType = wrapper.cfbundle; includeInIndex = 0; path = pitchperfect_betaUITests.xctest; sourceTree = BUILT_PRODUCTS_DIR; };
		6390FCC01B34A1E200CB6971 /* pitchperfect_betaUITests.swift */ = {isa = PBXFileReference; lastKnownFileType = sourcecode.swift; path = pitchperfect_betaUITests.swift; sourceTree = "<group>"; };
		6390FCC21B34A1E200CB6971 /* Info.plist */ = {isa = PBXFileReference; lastKnownFileType = text.plist.xml; path = Info.plist; sourceTree = "<group>"; };
/* End PBXFileReference section */

/* Begin PBXFrameworksBuildPhase section */
		6390FC9A1B34A1E200CB6971 /* Frameworks */ = {
			isa = PBXFrameworksBuildPhase;
			buildActionMask = 2147483647;
			files = (
			);
			runOnlyForDeploymentPostprocessing = 0;
		};
		6390FCAE1B34A1E200CB6971 /* Frameworks */ = {
			isa = PBXFrameworksBuildPhase;
			buildActionMask = 2147483647;
			files = (
			);
			runOnlyForDeploymentPostprocessing = 0;
		};
		6390FCB91B34A1E200CB6971 /* Frameworks */ = {
			isa = PBXFrameworksBuildPhase;
			buildActionMask = 2147483647;
			files = (
			);
			runOnlyForDeploymentPostprocessing = 0;
		};
/* End PBXFrameworksBuildPhase section */

/* Begin PBXGroup section */
		6390FC941B34A1E100CB6971 = {
			isa = PBXGroup;
			children = (
				6390FC9F1B34A1E200CB6971 /* pitchperfect_beta */,
				6390FCB41B34A1E200CB6971 /* pitchperfect_betaTests */,
				6390FCBF1B34A1E200CB6971 /* pitchperfect_betaUITests */,
				6390FC9E1B34A1E200CB6971 /* Products */,
			);
			sourceTree = "<group>";
		};
		6390FC9E1B34A1E200CB6971 /* Products */ = {
			isa = PBXGroup;
			children = (
				6390FC9D1B34A1E200CB6971 /* pitchperfect_beta.app */,
				6390FCB11B34A1E200CB6971 /* pitchperfect_betaTests.xctest */,
				6390FCBC1B34A1E200CB6971 /* pitchperfect_betaUITests.xctest */,
			);
			name = Products;
			sourceTree = "<group>";
		};
		6390FC9F1B34A1E200CB6971 /* pitchperfect_beta */ = {
			isa = PBXGroup;
			children = (
				6390FCA01B34A1E200CB6971 /* AppDelegate.swift */,
				6390FCA21B34A1E200CB6971 /* ViewController.swift */,
				6390FCA41B34A1E200CB6971 /* Main.storyboard */,
				6381A86F1B387C4200140932 /* PlaySoundsViewController.swift */,
				6390FCA71B34A1E200CB6971 /* Assets.xcassets */,
				6390FCA91B34A1E200CB6971 /* LaunchScreen.storyboard */,
				6390FCAC1B34A1E200CB6971 /* Info.plist */,
			);
			path = pitchperfect_beta;
			sourceTree = "<group>";
		};
		6390FCB41B34A1E200CB6971 /* pitchperfect_betaTests */ = {
			isa = PBXGroup;
			children = (
				6390FCB51B34A1E200CB6971 /* pitchperfect_betaTests.swift */,
				6390FCB71B34A1E200CB6971 /* Info.plist */,
			);
			path = pitchperfect_betaTests;
			sourceTree = "<group>";
		};
		6390FCBF1B34A1E200CB6971 /* pitchperfect_betaUITests */ = {
			isa = PBXGroup;
			children = (
				6390FCC01B34A1E200CB6971 /* pitchperfect_betaUITests.swift */,
				6390FCC21B34A1E200CB6971 /* Info.plist */,
			);
			path = pitchperfect_betaUITests;
			sourceTree = "<group>";
		};
/* End PBXGroup section */

/* Begin PBXNativeTarget section */
		6390FC9C1B34A1E200CB6971 /* pitchperfect_beta */ = {
			isa = PBXNativeTarget;
			buildConfigurationList = 6390FCC51B34A1E200CB6971 /* Build configuration list for PBXNativeTarget "pitchperfect_beta" */;
			buildPhases = (
				6390FC991B34A1E200CB6971 /* Sources */,
				6390FC9A1B34A1E200CB6971 /* Frameworks */,
				6390FC9B1B34A1E200CB6971 /* Resources */,
			);
			buildRules = (
			);
			dependencies = (
			);
			name = pitchperfect_beta;
			productName = pitchperfect_beta;
			productReference = 6390FC9D1B34A1E200CB6971 /* pitchperfect_beta.app */;
			productType = "com.apple.product-type.application";
		};
		6390FCB01B34A1E200CB6971 /* pitchperfect_betaTests */ = {
			isa = PBXNativeTarget;
			buildConfigurationList = 6390FCC81B34A1E200CB6971 /* Build configuration list for PBXNativeTarget "pitchperfect_betaTests" */;
			buildPhases = (
				6390FCAD1B34A1E200CB6971 /* Sources */,
				6390FCAE1B34A1E200CB6971 /* Frameworks */,
				6390FCAF1B34A1E200CB6971 /* Resources */,
			);
			buildRules = (
			);
			dependencies = (
				6390FCB31B34A1E200CB6971 /* PBXTargetDependency */,
			);
			name = pitchperfect_betaTests;
			productName = pitchperfect_betaTests;
			productReference = 6390FCB11B34A1E200CB6971 /* pitchperfect_betaTests.xctest */;
			productType = "com.apple.product-type.bundle.unit-test";
		};
		6390FCBB1B34A1E200CB6971 /* pitchperfect_betaUITests */ = {
			isa = PBXNativeTarget;
			buildConfigurationList = 6390FCCB1B34A1E200CB6971 /* Build configuration list for PBXNativeTarget "pitchperfect_betaUITests" */;
			buildPhases = (
				6390FCB81B34A1E200CB6971 /* Sources */,
				6390FCB91B34A1E200CB6971 /* Frameworks */,
				6390FCBA1B34A1E200CB6971 /* Resources */,
			);
			buildRules = (
			);
			dependencies = (
				6390FCBE1B34A1E200CB6971 /* PBXTargetDependency */,
			);
			name = pitchperfect_betaUITests;
			productName = pitchperfect_betaUITests;
			productReference = 6390FCBC1B34A1E200CB6971 /* pitchperfect_betaUITests.xctest */;
			productType = "com.apple.product-type.bundle.ui-testing";
		};
/* End PBXNativeTarget section */

/* Begin PBXProject section */
		6390FC951B34A1E100CB6971 /* Project object */ = {
			isa = PBXProject;
			attributes = {
				LastUpgradeCheck = 0700;
				ORGANIZATIONNAME = "Grey Matter";
				TargetAttributes = {
					6390FC9C1B34A1E200CB6971 = {
						CreatedOnToolsVersion = 7.0;
					};
					6390FCB01B34A1E200CB6971 = {
						CreatedOnToolsVersion = 7.0;
						TestTargetID = 6390FC9C1B34A1E200CB6971;
					};
					6390FCBB1B34A1E200CB6971 = {
						CreatedOnToolsVersion = 7.0;
						TestTargetID = 6390FC9C1B34A1E200CB6971;
					};
				};
			};
			buildConfigurationList = 6390FC981B34A1E100CB6971 /* Build configuration list for PBXProject "pitchperfect_beta" */;
			compatibilityVersion = "Xcode 3.2";
			developmentRegion = English;
			hasScannedForEncodings = 0;
			knownRegions = (
				en,
				Base,
			);
			mainGroup = 6390FC941B34A1E100CB6971;
			productRefGroup = 6390FC9E1B34A1E200CB6971 /* Products */;
			projectDirPath = "";
			projectRoot = "";
			targets = (
				6390FC9C1B34A1E200CB6971 /* pitchperfect_beta */,
				6390FCB01B34A1E200CB6971 /* pitchperfect_betaTests */,
				6390FCBB1B34A1E200CB6971 /* pitchperfect_betaUITests */,
			);
		};
/* End PBXProject section */

/* Begin PBXResourcesBuildPhase section */
		6390FC9B1B34A1E200CB6971 /* Resources */ = {
			isa = PBXResourcesBuildPhase;
			buildActionMask = 2147483647;
			files = (
				6390FCAB1B34A1E200CB6971 /* LaunchScreen.storyboard in Resources */,
				6390FCA81B34A1E200CB6971 /* Assets.xcassets in Resources */,
				6390FCA61B34A1E200CB6971 /* Main.storyboard in Resources */,
			);
			runOnlyForDeploymentPostprocessing = 0;
		};
		6390FCAF1B34A1E200CB6971 /* Resources */ = {
			isa = PBXResourcesBuildPhase;
			buildActionMask = 2147483647;
			files = (
			);
			runOnlyForDeploymentPostprocessing = 0;
		};
		6390FCBA1B34A1E200CB6971 /* Resources */ = {
			isa = PBXResourcesBuildPhase;
			buildActionMask = 2147483647;
			files = (
			);
			runOnlyForDeploymentPostprocessing = 0;
		};
/* End PBXResourcesBuildPhase section */

/* Begin PBXSourcesBuildPhase section */
		6390FC991B34A1E200CB6971 /* Sources */ = {
			isa = PBXSourcesBuildPhase;
			buildActionMask = 2147483647;
			files = (
				6390FCA31B34A1E200CB6971 /* ViewController.swift in Sources */,
				6381A8701B387C4200140932 /* PlaySoundsViewController.swift in Sources */,
				6390FCA11B34A1E200CB6971 /* AppDelegate.swift in Sources */,
			);
			runOnlyForDeploymentPostprocessing = 0;
		};
		6390FCAD1B34A1E200CB6971 /* Sources */ = {
			isa = PBXSourcesBuildPhase;
			buildActionMask = 2147483647;
			files = (
				6390FCB61B34A1E200CB6971 /* pitchperfect_betaTests.swift in Sources */,
			);
			runOnlyForDeploymentPostprocessing = 0;
		};
		6390FCB81B34A1E200CB6971 /* Sources */ = {
			isa = PBXSourcesBuildPhase;
			buildActionMask = 2147483647;
			files = (
				6390FCC11B34A1E200CB6971 /* pitchperfect_betaUITests.swift in Sources */,
			);
			runOnlyForDeploymentPostprocessing = 0;
		};
/* End PBXSourcesBuildPhase section */

/* Begin PBXTargetDependency section */
		6390FCB31B34A1E200CB6971 /* PBXTargetDependency */ = {
			isa = PBXTargetDependency;
			target = 6390FC9C1B34A1E200CB6971 /* pitchperfect_beta */;
			targetProxy = 6390FCB21B34A1E200CB6971 /* PBXContainerItemProxy */;
		};
		6390FCBE1B34A1E200CB6971 /* PBXTargetDependency */ = {
			isa = PBXTargetDependency;
			target = 6390FC9C1B34A1E200CB6971 /* pitchperfect_beta */;
			targetProxy = 6390FCBD1B34A1E200CB6971 /* PBXContainerItemProxy */;
		};
/* End PBXTargetDependency section */

/* Begin PBXVariantGroup section */
		6390FCA41B34A1E200CB6971 /* Main.storyboard */ = {
			isa = PBXVariantGroup;
			children = (
				6390FCA51B34A1E200CB6971 /* Base */,
			);
			name = Main.storyboard;
			sourceTree = "<group>";
		};
		6390FCA91B34A1E200CB6971 /* LaunchScreen.storyboard */ = {
			isa = PBXVariantGroup;
			children = (
				6390FCAA1B34A1E200CB6971 /* Base */,
			);
			name = LaunchScreen.storyboard;
			sourceTree = "<group>";
		};
/* End PBXVariantGroup section */

/* Begin XCBuildConfiguration section */
		6390FCC31B34A1E200CB6971 /* Debug */ = {
			isa = XCBuildConfiguration;
			buildSettings = {
				ALWAYS_SEARCH_USER_PATHS = NO;
				CLANG_CXX_LANGUAGE_STANDARD = "gnu++0x";
				CLANG_CXX_LIBRARY = "libc++";
				CLANG_ENABLE_MODULES = YES;
				CLANG_ENABLE_OBJC_ARC = YES;
				CLANG_WARN_BOOL_CONVERSION = YES;
				CLANG_WARN_CONSTANT_CONVERSION = YES;
				CLANG_WARN_DIRECT_OBJC_ISA_USAGE = YES_ERROR;
				CLANG_WARN_EMPTY_BODY = YES;
				CLANG_WARN_ENUM_CONVERSION = YES;
				CLANG_WARN_INT_CONVERSION = YES;
				CLANG_WARN_OBJC_ROOT_CLASS = YES_ERROR;
				CLANG_WARN_UNREACHABLE_CODE = YES;
				CLANG_WARN__DUPLICATE_METHOD_MATCH = YES;
				"CODE_SIGN_IDENTITY[sdk=iphoneos*]" = "iPhone Developer";
				COPY_PHASE_STRIP = NO;
				DEBUG_INFORMATION_FORMAT = dwarf;
				ENABLE_STRICT_OBJC_MSGSEND = YES;
				ENABLE_TESTABILITY = YES;
				GCC_C_LANGUAGE_STANDARD = gnu99;
				GCC_DYNAMIC_NO_PIC = NO;
				GCC_NO_COMMON_BLOCKS = YES;
				GCC_OPTIMIZATION_LEVEL = 0;
				GCC_PREPROCESSOR_DEFINITIONS = (
					"DEBUG=1",
					"$(inherited)",
				);
				GCC_WARN_64_TO_32_BIT_CONVERSION = YES;
				GCC_WARN_ABOUT_RETURN_TYPE = YES_ERROR;
				GCC_WARN_UNDECLARED_SELECTOR = YES;
				GCC_WARN_UNINITIALIZED_AUTOS = YES_AGGRESSIVE;
				GCC_WARN_UNUSED_FUNCTION = YES;
				GCC_WARN_UNUSED_VARIABLE = YES;
				IPHONEOS_DEPLOYMENT_TARGET = 9.0;
				MTL_ENABLE_DEBUG_INFO = YES;
				ONLY_ACTIVE_ARCH = YES;
				SDKROOT = iphoneos;
				SWIFT_OPTIMIZATION_LEVEL = "-Onone";
			};
			name = Debug;
		};
		6390FCC41B34A1E200CB6971 /* Release */ = {
			isa = XCBuildConfiguration;
			buildSettings = {
				ALWAYS_SEARCH_USER_PATHS = NO;
				CLANG_CXX_LANGUAGE_STANDARD = "gnu++0x";
				CLANG_CXX_LIBRARY = "libc++";
				CLANG_ENABLE_MODULES = YES;
				CLANG_ENABLE_OBJC_ARC = YES;
				CLANG_WARN_BOOL_CONVERSION = YES;
				CLANG_WARN_CONSTANT_CONVERSION = YES;
				CLANG_WARN_DIRECT_OBJC_ISA_USAGE = YES_ERROR;
				CLANG_WARN_EMPTY_BODY = YES;
				CLANG_WARN_ENUM_CONVERSION = YES;
				CLANG_WARN_INT_CONVERSION = YES;
				CLANG_WARN_OBJC_ROOT_CLASS = YES_ERROR;
				CLANG_WARN_UNREACHABLE_CODE = YES;
				CLANG_WARN__DUPLICATE_METHOD_MATCH = YES;
				"CODE_SIGN_IDENTITY[sdk=iphoneos*]" = "iPhone Developer";
				COPY_PHASE_STRIP = NO;
				DEBUG_INFORMATION_FORMAT = "dwarf-with-dsym";
				ENABLE_NS_ASSERTIONS = NO;
				ENABLE_STRICT_OBJC_MSGSEND = YES;
				GCC_C_LANGUAGE_STANDARD = gnu99;
				GCC_NO_COMMON_BLOCKS = YES;
				GCC_WARN_64_TO_32_BIT_CONVERSION = YES;
				GCC_WARN_ABOUT_RETURN_TYPE = YES_ERROR;
				GCC_WARN_UNDECLARED_SELECTOR = YES;
				GCC_WARN_UNINITIALIZED_AUTOS = YES_AGGRESSIVE;
				GCC_WARN_UNUSED_FUNCTION = YES;
				GCC_WARN_UNUSED_VARIABLE = YES;
				IPHONEOS_DEPLOYMENT_TARGET = 9.0;
				MTL_ENABLE_DEBUG_INFO = NO;
				SDKROOT = iphoneos;
				VALIDATE_PRODUCT = YES;
			};
			name = Release;
		};
		6390FCC61B34A1E200CB6971 /* Debug */ = {
			isa = XCBuildConfiguration;
			buildSettings = {
				ASSETCATALOG_COMPILER_APPICON_NAME = AppIcon;
				INFOPLIST_FILE = pitchperfect_beta/Info.plist;
				IPHONEOS_DEPLOYMENT_TARGET = 9.0;
				LD_RUNPATH_SEARCH_PATHS = "$(inherited) @executable_path/Frameworks";
				PRODUCT_BUNDLE_IDENTIFIER = "davidstroud.pitchperfect-beta";
				PRODUCT_NAME = "$(TARGET_NAME)";
			};
			name = Debug;
		};
		6390FCC71B34A1E200CB6971 /* Release */ = {
			isa = XCBuildConfiguration;
			buildSettings = {
				ASSETCATALOG_COMPILER_APPICON_NAME = AppIcon;
				INFOPLIST_FILE = pitchperfect_beta/Info.plist;
				IPHONEOS_DEPLOYMENT_TARGET = 9.0;
				LD_RUNPATH_SEARCH_PATHS = "$(inherited) @executable_path/Frameworks";
				PRODUCT_BUNDLE_IDENTIFIER = "davidstroud.pitchperfect-beta";
				PRODUCT_NAME = "$(TARGET_NAME)";
			};
			name = Release;
		};
		6390FCC91B34A1E200CB6971 /* Debug */ = {
			isa = XCBuildConfiguration;
			buildSettings = {
				BUNDLE_LOADER = "$(TEST_HOST)";
				INFOPLIST_FILE = pitchperfect_betaTests/Info.plist;
				LD_RUNPATH_SEARCH_PATHS = "$(inherited) @executable_path/Frameworks @loader_path/Frameworks";
				PRODUCT_BUNDLE_IDENTIFIER = "davidstroud.pitchperfect-betaTests";
				PRODUCT_NAME = "$(TARGET_NAME)";
				TEST_HOST = "$(BUILT_PRODUCTS_DIR)/pitchperfect_beta.app/pitchperfect_beta";
			};
			name = Debug;
		};
		6390FCCA1B34A1E200CB6971 /* Release */ = {
			isa = XCBuildConfiguration;
			buildSettings = {
				BUNDLE_LOADER = "$(TEST_HOST)";
				INFOPLIST_FILE = pitchperfect_betaTests/Info.plist;
				LD_RUNPATH_SEARCH_PATHS = "$(inherited) @executable_path/Frameworks @loader_path/Frameworks";
				PRODUCT_BUNDLE_IDENTIFIER = "davidstroud.pitchperfect-betaTests";
				PRODUCT_NAME = "$(TARGET_NAME)";
				TEST_HOST = "$(BUILT_PRODUCTS_DIR)/pitchperfect_beta.app/pitchperfect_beta";
			};
			name = Release;
		};
		6390FCCC1B34A1E200CB6971 /* Debug */ = {
			isa = XCBuildConfiguration;
			buildSettings = {
				INFOPLIST_FILE = pitchperfect_betaUITests/Info.plist;
				LD_RUNPATH_SEARCH_PATHS = "$(inherited) @executable_path/Frameworks @loader_path/Frameworks";
				PRODUCT_BUNDLE_IDENTIFIER = "davidstroud.pitchperfect-betaUITests";
				PRODUCT_NAME = "$(TARGET_NAME)";
				TEST_TARGET_NAME = pitchperfect_beta;
				USES_XCTRUNNER = YES;
			};
			name = Debug;
		};
		6390FCCD1B34A1E200CB6971 /* Release */ = {
			isa = XCBuildConfiguration;
			buildSettings = {
				INFOPLIST_FILE = pitchperfect_betaUITests/Info.plist;
				LD_RUNPATH_SEARCH_PATHS = "$(inherited) @executable_path/Frameworks @loader_path/Frameworks";
				PRODUCT_BUNDLE_IDENTIFIER = "davidstroud.pitchperfect-betaUITests";
				PRODUCT_NAME = "$(TARGET_NAME)";
				TEST_TARGET_NAME = pitchperfect_beta;
				USES_XCTRUNNER = YES;
			};
			name = Release;
		};
/* End XCBuildConfiguration section */

/* Begin XCConfigurationList section */
		6390FC981B34A1E100CB6971 /* Build configuration list for PBXProject "pitchperfect_beta" */ = {
			isa = XCConfigurationList;
			buildConfigurations = (
				6390FCC31B34A1E200CB6971 /* Debug */,
				6390FCC41B34A1E200CB6971 /* Release */,
			);
			defaultConfigurationIsVisible = 0;
			defaultConfigurationName = Release;
		};
		6390FCC51B34A1E200CB6971 /* Build configuration list for PBXNativeTarget "pitchperfect_beta" */ = {
			isa = XCConfigurationList;
			buildConfigurations = (
				6390FCC61B34A1E200CB6971 /* Debug */,
				6390FCC71B34A1E200CB6971 /* Release */,
			);
			defaultConfigurationIsVisible = 0;
			defaultConfigurationName = Release;
		};
		6390FCC81B34A1E200CB6971 /* Build configuration list for PBXNativeTarget "pitchperfect_betaTests" */ = {
			isa = XCConfigurationList;
			buildConfigurations = (
				6390FCC91B34A1E200CB6971 /* Debug */,
				6390FCCA1B34A1E200CB6971 /* Release */,
			);
			defaultConfigurationIsVisible = 0;
			defaultConfigurationName = Release;
		};
		6390FCCB1B34A1E200CB6971 /* Build configuration list for PBXNativeTarget "pitchperfect_betaUITests" */ = {
			isa = XCConfigurationList;
			buildConfigurations = (
				6390FCCC1B34A1E200CB6971 /* Debug */,
				6390FCCD1B34A1E200CB6971 /* Release */,
			);
			defaultConfigurationIsVisible = 0;
			defaultConfigurationName = Release;
		};
/* End XCConfigurationList section */
	};
	rootObject = 6390FC951B34A1E100CB6971 /* Project object */;
}
